
Microsoft Visual Studio Solution File, Format Version 12.00
# Visual Studio Version 18
VisualStudioVersion = 18.6.11819.183 stable
MinimumVisualStudioVersion = 10.0.40219.1
Project("{FAE04EC0-301F-11D3-BF4B-00C04F79EFBC}") = "TummlyBackend", "TummlyBackend.csproj", "{AB586946-FDA2-1D25-35F1-30CB7E934DF0}"
EndProject
Global
	GlobalSection(SolutionConfigurationPlatforms) = preSolution
		Debug|Any CPU = Debug|Any CPU
		Release|Any CPU = Release|Any CPU
	EndGlobalSection
	GlobalSection(ProjectConfigurationPlatforms) = postSolution
		{AB586946-FDA2-1D25-35F1-30CB7E934DF0}.Debug|Any CPU.ActiveCfg = Debug|Any CPU
		{AB586946-FDA2-1D25-35F1-30CB7E934DF0}.Debug|Any CPU.Build.0 = Debug|Any CPU
		{AB586946-FDA2-1D25-35F1-30CB7E934DF0}.Release|Any CPU.ActiveCfg = Release|Any CPU
		{AB586946-FDA2-1D25-35F1-30CB7E934DF0}.Release|Any CPU.Build.0 = Release|Any CPU
	EndGlobalSection
	GlobalSection(SolutionProperties) = preSolution
		HideSolutionNode = FALSE
	EndGlobalSection
	GlobalSection(ExtensibilityGlobals) = postSolution
		SolutionGuid = {88755593-51BF-46CC-B3D9-0F95D5AB70CA}
	EndGlobalSection
EndGlobal
